// !$*UTF8*$!
{
	archiveVersion = 1;
	classes = {
	};
	objectVersion = 46;
	objects = {

/* Begin PBXBuildFile section */
		499607591D02E5750066F7EE /* ITNew.m in Sources */ = {isa = PBXBuildFile; fileRef = 499607581D02E5750066F7EE /* ITNew.m */; };
		4996075C1D03017B0066F7EE /* RefreshView.m in Sources */ = {isa = PBXBuildFile; fileRef = 4996075B1D03017B0066F7EE /* RefreshView.m */; };
		4996075E1D03019D0066F7EE /* RefreshView.xib in Resources */ = {isa = PBXBuildFile; fileRef = 4996075D1D03019D0066F7EE /* RefreshView.xib */; };
		49A7DDA21D02A111002F38A0 /* main.m in Sources */ = {isa = PBXBuildFile; fileRef = 49A7DDA11D02A111002F38A0 /* main.m */; };
		49A7DDA51D02A111002F38A0 /* AppDelegate.m in Sources */ = {isa = PBXBuildFile; fileRef = 49A7DDA41D02A111002F38A0 /* AppDelegate.m */; };
		49A7DDAB1D02A111002F38A0 /* Main.storyboard in Resources */ = {isa = PBXBuildFile; fileRef = 49A7DDA91D02A111002F38A0 /* Main.storyboard */; };
		49A7DDAD1D02A111002F38A0 /* Assets.xcassets in Resources */ = {isa = PBXBuildFile; fileRef = 49A7DDAC1D02A111002F38A0 /* Assets.xcassets */; };
		49A7DDB01D02A111002F38A0 /* LaunchScreen.storyboard in Resources */ = {isa = PBXBuildFile; fileRef = 49A7DDAE1D02A111002F38A0 /* LaunchScreen.storyboard */; };
		49A7DDB91D02A5BF002F38A0 /* ITNews.m in Sources */ = {isa = PBXBuildFile; fileRef = 49A7DDB81D02A5BF002F38A0 /* ITNews.m */; };
		49A7DDBC1D02A683002F38A0 /* ITNewsViewController.m in Sources */ = {isa = PBXBuildFile; fileRef = 49A7DDBB1D02A683002F38A0 /* ITNewsViewController.m */; };
/* End PBXBuildFile section */

/* Begin PBXFileReference section */
		499607571D02E5750066F7EE /* ITNew.h */ = {isa = PBXFileReference; fileEncoding = 4; lastKnownFileType = sourcecode.c.h; path = ITNew.h; sourceTree = "<group>"; };
		499607581D02E5750066F7EE /* ITNew.m */ = {isa = PBXFileReference; fileEncoding = 4; lastKnownFileType = sourcecode.c.objc; path = ITNew.m; sourceTree = "<group>"; };
		4996075A1D03017B0066F7EE /* RefreshView.h */ = {isa = PBXFileReference; fileEncoding = 4; lastKnownFileType = sourcecode.c.h; path = RefreshView.h; sourceTree = "<group>"; };
		4996075B1D03017B0066F7EE /* RefreshView.m */ = {isa = PBXFileReference; fileEncoding = 4; lastKnownFileType = sourcecode.c.objc; path = RefreshView.m; sourceTree = "<group>"; };
		4996075D1D03019D0066F7EE /* RefreshView.xib */ = {isa = PBXFileReference; fileEncoding = 4; lastKnownFileType = file.xib; path = RefreshView.xib; sourceTree = "<group>"; };
		49A7DD9D1D02A111002F38A0 /* 6-科技头条.app */ = {isa = PBXFileReference; explicitFileType = wrapper.application; includeInIndex = 0; path = "6-科技头条.app"; sourceTree = BUILT_PRODUCTS_DIR; };
		49A7DDA11D02A111002F38A0 /* main.m */ = {isa = PBXFileReference; lastKnownFileType = sourcecode.c.objc; path = main.m; sourceTree = "<group>"; };
		49A7DDA31D02A111002F38A0 /* AppDelegate.h */ = {isa = PBXFileReference; lastKnownFileType = sourcecode.c.h; path = AppDelegate.h; sourceTree = "<group>"; };
		49A7DDA41D02A111002F38A0 /* AppDelegate.m */ = {isa = PBXFileReference; lastKnownFileType = sourcecode.c.objc; path = AppDelegate.m; sourceTree = "<group>"; };
		49A7DDAA1D02A111002F38A0 /* Base */ = {isa = PBXFileReference; lastKnownFileType = file.storyboard; name = Base; path = Base.lproj/Main.storyboard; sourceTree = "<group>"; };
		49A7DDAC1D02A111002F38A0 /* Assets.xcassets */ = {isa = PBXFileReference; lastKnownFileType = folder.assetcatalog; path = Assets.xcassets; sourceTree = "<group>"; };
		49A7DDAF1D02A111002F38A0 /* Base */ = {isa = PBXFileReference; lastKnownFileType = file.storyboard; name = Base; path = Base.lproj/LaunchScreen.storyboard; sourceTree = "<group>"; };
		49A7DDB11D02A111002F38A0 /* Info.plist */ = {isa = PBXFileReference; lastKnownFileType = text.plist.xml; path = Info.plist; sourceTree = "<group>"; };
		49A7DDB71D02A5BF002F38A0 /* ITNews.h */ = {isa = PBXFileReference; fileEncoding = 4; lastKnownFileType = sourcecode.c.h; path = ITNews.h; sourceTree = "<group>"; };
		49A7DDB81D02A5BF002F38A0 /* ITNews.m */ = {isa = PBXFileReference; fileEncoding = 4; lastKnownFileType = sourcecode.c.objc; path = ITNews.m; sourceTree = "<group>"; };
		49A7DDBA1D02A683002F38A0 /* ITNewsViewController.h */ = {isa = PBXFileReference; fileEncoding = 4; lastKnownFileType = sourcecode.c.h; path = ITNewsViewController.h; sourceTree = "<group>"; };
		49A7DDBB1D02A683002F38A0 /* ITNewsViewController.m */ = {isa = PBXFileReference; fileEncoding = 4; lastKnownFileType = sourcecode.c.objc; path = ITNewsViewController.m; sourceTree = "<group>"; };
/* End PBXFileReference section */

/* Begin PBXFrameworksBuildPhase section */
		49A7DD9A1D02A111002F38A0 /* Frameworks */ = {
			isa = PBXFrameworksBuildPhase;
			buildActionMask = 2147483647;
			files = (
			);
			runOnlyForDeploymentPostprocessing = 0;
		};
/* End PBXFrameworksBuildPhase section */

/* Begin PBXGroup section */
		49A7DD941D02A111002F38A0 = {
			isa = PBXGroup;
			children = (
				49A7DD9F1D02A111002F38A0 /* 6-科技头条 */,
				49A7DD9E1D02A111002F38A0 /* Products */,
			);
			sourceTree = "<group>";
		};
		49A7DD9E1D02A111002F38A0 /* Products */ = {
			isa = PBXGroup;
			children = (
				49A7DD9D1D02A111002F38A0 /* 6-科技头条.app */,
			);
			name = Products;
			sourceTree = "<group>";
		};
		49A7DD9F1D02A111002F38A0 /* 6-科技头条 */ = {
			isa = PBXGroup;
			children = (
				49A7DDA31D02A111002F38A0 /* AppDelegate.h */,
				49A7DDA41D02A111002F38A0 /* AppDelegate.m */,
				49A7DDB71D02A5BF002F38A0 /* ITNews.h */,
				49A7DDB81D02A5BF002F38A0 /* ITNews.m */,
				49A7DDBA1D02A683002F38A0 /* ITNewsViewController.h */,
				49A7DDBB1D02A683002F38A0 /* ITNewsViewController.m */,
				499607571D02E5750066F7EE /* ITNew.h */,
				499607581D02E5750066F7EE /* ITNew.m */,
				4996075A1D03017B0066F7EE /* RefreshView.h */,
				4996075B1D03017B0066F7EE /* RefreshView.m */,
				4996075D1D03019D0066F7EE /* RefreshView.xib */,
				49A7DDA91D02A111002F38A0 /* Main.storyboard */,
				49A7DDAC1D02A111002F38A0 /* Assets.xcassets */,
				49A7DDAE1D02A111002F38A0 /* LaunchScreen.storyboard */,
				49A7DDB11D02A111002F38A0 /* Info.plist */,
				49A7DDA01D02A111002F38A0 /* Supporting Files */,
			);
			path = "6-科技头条";
			sourceTree = "<group>";
		};
		49A7DDA01D02A111002F38A0 /* Supporting Files */ = {
			isa = PBXGroup;
			children = (
				49A7DDA11D02A111002F38A0 /* main.m */,
			);
			name = "Supporting Files";
			sourceTree = "<group>";
		};
/* End PBXGroup section */

/* Begin PBXNativeTarget section */
		49A7DD9C1D02A111002F38A0 /* 6-科技头条 */ = {
			isa = PBXNativeTarget;
			buildConfigurationList = 49A7DDB41D02A111002F38A0 /* Build configuration list for PBXNativeTarget "6-科技头条" */;
			buildPhases = (
				49A7DD991D02A111002F38A0 /* Sources */,
				49A7DD9A1D02A111002F38A0 /* Frameworks */,
				49A7DD9B1D02A111002F38A0 /* Resources */,
			);
			buildRules = (
			);
			dependencies = (
			);
			name = "6-科技头条";
			productName = "6-科技头条";
			productReference = 49A7DD9D1D02A111002F38A0 /* 6-科技头条.app */;
			productType = "com.apple.product-type.application";
		};
/* End PBXNativeTarget section */

/* Begin PBXProject section */
		49A7DD951D02A111002F38A0 /* Project object */ = {
			isa = PBXProject;
			attributes = {
				LastUpgradeCheck = 0730;
				ORGANIZATIONNAME = fengjun;
				TargetAttributes = {
					49A7DD9C1D02A111002F38A0 = {
						CreatedOnToolsVersion = 7.3.1;
					};
				};
			};
			buildConfigurationList = 49A7DD981D02A111002F38A0 /* Build configuration list for PBXProject "6-科技头条" */;
			compatibilityVersion = "Xcode 3.2";
			developmentRegion = English;
			hasScannedForEncodings = 0;
			knownRegions = (
				en,
				Base,
			);
			mainGroup = 49A7DD941D02A111002F38A0;
			productRefGroup = 49A7DD9E1D02A111002F38A0 /* Products */;
			projectDirPath = "";
			projectRoot = "";
			targets = (
				49A7DD9C1D02A111002F38A0 /* 6-科技头条 */,
			);
		};
/* End PBXProject section */

/* Begin PBXResourcesBuildPhase section */
		49A7DD9B1D02A111002F38A0 /* Resources */ = {
			isa = PBXResourcesBuildPhase;
			buildActionMask = 2147483647;
			files = (
				49A7DDB01D02A111002F38A0 /* LaunchScreen.storyboard in Resources */,
				49A7DDAD1D02A111002F38A0 /* Assets.xcassets in Resources */,
				4996075E1D03019D0066F7EE /* RefreshView.xib in Resources */,
				49A7DDAB1D02A111002F38A0 /* Main.storyboard in Resources */,
			);
			runOnlyForDeploymentPostprocessing = 0;
		};
/* End PBXResourcesBuildPhase section */

/* Begin PBXSourcesBuildPhase section */
		49A7DD991D02A111002F38A0 /* Sources */ = {
			isa = PBXSourcesBuildPhase;
			buildActionMask = 2147483647;
			files = (
				4996075C1D03017B0066F7EE /* RefreshView.m in Sources */,
				49A7DDB91D02A5BF002F38A0 /* ITNews.m in Sources */,
				49A7DDA51D02A111002F38A0 /* AppDelegate.m in Sources */,
				499607591D02E5750066F7EE /* ITNew.m in Sources */,
				49A7DDA21D02A111002F38A0 /* main.m in Sources */,
				49A7DDBC1D02A683002F38A0 /* ITNewsViewController.m in Sources */,
			);
			runOnlyForDeploymentPostprocessing = 0;
		};
/* End PBXSourcesBuildPhase section */

/* Begin PBXVariantGroup section */
		49A7DDA91D02A111002F38A0 /* Main.storyboard */ = {
			isa = PBXVariantGroup;
			children = (
				49A7DDAA1D02A111002F38A0 /* Base */,
			);
			name = Main.storyboard;
			sourceTree = "<group>";
		};
		49A7DDAE1D02A111002F38A0 /* LaunchScreen.storyboard */ = {
			isa = PBXVariantGroup;
			children = (
				49A7DDAF1D02A111002F38A0 /* Base */,
			);
			name = LaunchScreen.storyboard;
			sourceTree = "<group>";
		};
/* End PBXVariantGroup section */

/* Begin XCBuildConfiguration section */
		49A7DDB21D02A111002F38A0 /* Debug */ = {
			isa = XCBuildConfiguration;
			buildSettings = {
				ALWAYS_SEARCH_USER_PATHS = NO;
				CLANG_ANALYZER_NONNULL = YES;
				CLANG_CXX_LANGUAGE_STANDARD = "gnu++0x";
				CLANG_CXX_LIBRARY = "libc++";
				CLANG_ENABLE_MODULES = YES;
				CLANG_ENABLE_OBJC_ARC = YES;
				CLANG_WARN_BOOL_CONVERSION = YES;
				CLANG_WARN_CONSTANT_CONVERSION = YES;
				CLANG_WARN_DIRECT_OBJC_ISA_USAGE = YES_ERROR;
				CLANG_WARN_EMPTY_BODY = YES;
				CLANG_WARN_ENUM_CONVERSION = YES;
				CLANG_WARN_INT_CONVERSION = YES;
				CLANG_WARN_OBJC_ROOT_CLASS = YES_ERROR;
				CLANG_WARN_UNREACHABLE_CODE = YES;
				CLANG_WARN__DUPLICATE_METHOD_MATCH = YES;
				"CODE_SIGN_IDENTITY[sdk=iphoneos*]" = "iPhone Developer";
				COPY_PHASE_STRIP = NO;
				DEBUG_INFORMATION_FORMAT = dwarf;
				ENABLE_STRICT_OBJC_MSGSEND = YES;
				ENABLE_TESTABILITY = YES;
				GCC_C_LANGUAGE_STANDARD = gnu99;
				GCC_DYNAMIC_NO_PIC = NO;
				GCC_NO_COMMON_BLOCKS = YES;
				GCC_OPTIMIZATION_LEVEL = 0;
				GCC_PREPROCESSOR_DEFINITIONS = (
					"DEBUG=1",
					"$(inherited)",
				);
				GCC_WARN_64_TO_32_BIT_CONVERSION = YES;
				GCC_WARN_ABOUT_RETURN_TYPE = YES_ERROR;
				GCC_WARN_UNDECLARED_SELECTOR = YES;
				GCC_WARN_UNINITIALIZED_AUTOS = YES_AGGRESSIVE;
				GCC_WARN_UNUSED_FUNCTION = YES;
				GCC_WARN_UNUSED_VARIABLE = YES;
				IPHONEOS_DEPLOYMENT_TARGET = 9.3;
				MTL_ENABLE_DEBUG_INFO = YES;
				ONLY_ACTIVE_ARCH = YES;
				SDKROOT = iphoneos;
			};
			name = Debug;
		};
		49A7DDB31D02A111002F38A0 /* Release */ = {
			isa = XCBuildConfiguration;
			buildSettings = {
				ALWAYS_SEARCH_USER_PATHS = NO;
				CLANG_ANALYZER_NONNULL = YES;
				CLANG_CXX_LANGUAGE_STANDARD = "gnu++0x";
				CLANG_CXX_LIBRARY = "libc++";
				CLANG_ENABLE_MODULES = YES;
				CLANG_ENABLE_OBJC_ARC = YES;
				CLANG_WARN_BOOL_CONVERSION = YES;
				CLANG_WARN_CONSTANT_CONVERSION = YES;
				CLANG_WARN_DIRECT_OBJC_ISA_USAGE = YES_ERROR;
				CLANG_WARN_EMPTY_BODY = YES;
				CLANG_WARN_ENUM_CONVERSION = YES;
				CLANG_WARN_INT_CONVERSION = YES;
				CLANG_WARN_OBJC_ROOT_CLASS = YES_ERROR;
				CLANG_WARN_UNREACHABLE_CODE = YES;
				CLANG_WARN__DUPLICATE_METHOD_MATCH = YES;
				"CODE_SIGN_IDENTITY[sdk=iphoneos*]" = "iPhone Developer";
				COPY_PHASE_STRIP = NO;
				DEBUG_INFORMATION_FORMAT = "dwarf-with-dsym";
				ENABLE_NS_ASSERTIONS = NO;
				ENABLE_STRICT_OBJC_MSGSEND = YES;
				GCC_C_LANGUAGE_STANDARD = gnu99;
				GCC_NO_COMMON_BLOCKS = YES;
				GCC_WARN_64_TO_32_BIT_CONVERSION = YES;
				GCC_WARN_ABOUT_RETURN_TYPE = YES_ERROR;
				GCC_WARN_UNDECLARED_SELECTOR = YES;
				GCC_WARN_UNINITIALIZED_AUTOS = YES_AGGRESSIVE;
				GCC_WARN_UNUSED_FUNCTION = YES;
				GCC_WARN_UNUSED_VARIABLE = YES;
				IPHONEOS_DEPLOYMENT_TARGET = 9.3;
				MTL_ENABLE_DEBUG_INFO = NO;
				SDKROOT = iphoneos;
				VALIDATE_PRODUCT = YES;
			};
			name = Release;
		};
		49A7DDB51D02A111002F38A0 /* Debug */ = {
			isa = XCBuildConfiguration;
			buildSettings = {
				ASSETCATALOG_COMPILER_APPICON_NAME = AppIcon;
				INFOPLIST_FILE = "6-科技头条/Info.plist";
				LD_RUNPATH_SEARCH_PATHS = "$(inherited) @executable_path/Frameworks";
				PRODUCT_BUNDLE_IDENTIFIER = "com.fengjun.------";
				PRODUCT_NAME = "$(TARGET_NAME)";
			};
			name = Debug;
		};
		49A7DDB61D02A111002F38A0 /* Release */ = {
			isa = XCBuildConfiguration;
			buildSettings = {
				ASSETCATALOG_COMPILER_APPICON_NAME = AppIcon;
				INFOPLIST_FILE = "6-科技头条/Info.plist";
				LD_RUNPATH_SEARCH_PATHS = "$(inherited) @executable_path/Frameworks";
				PRODUCT_BUNDLE_IDENTIFIER = "com.fengjun.------";
				PRODUCT_NAME = "$(TARGET_NAME)";
			};
			name = Release;
		};
/* End XCBuildConfiguration section */

/* Begin XCConfigurationList section */
		49A7DD981D02A111002F38A0 /* Build configuration list for PBXProject "6-科技头条" */ = {
			isa = XCConfigurationList;
			buildConfigurations = (
				49A7DDB21D02A111002F38A0 /* Debug */,
				49A7DDB31D02A111002F38A0 /* Release */,
			);
			defaultConfigurationIsVisible = 0;
			defaultConfigurationName = Release;
		};
		49A7DDB41D02A111002F38A0 /* Build configuration list for PBXNativeTarget "6-科技头条" */ = {
			isa = XCConfigurationList;
			buildConfigurations = (
				49A7DDB51D02A111002F38A0 /* Debug */,
				49A7DDB61D02A111002F38A0 /* Release */,
			);
			defaultConfigurationIsVisible = 0;
			defaultConfigurationName = Release;
		};
/* End XCConfigurationList section */
	};
	rootObject = 49A7DD951D02A111002F38A0 /* Project object */;
}
